// !$*UTF8*$!
{
	archiveVersion = 1;
	classes = {
	};
	objectVersion = 46;
	objects = {

/* Begin PBXBuildFile section */
		B19A75EF165E185000DFEC5D /* EzSampleClassCopy.m in Sources */ = {isa = PBXBuildFile; fileRef = B19A75EE165E185000DFEC5D /* EzSampleClassCopy.m */; };
		B19A75F2165E1C1C00DFEC5D /* EzSampleMenuTableViewController.m in Sources */ = {isa = PBXBuildFile; fileRef = B19A75F1165E1C1C00DFEC5D /* EzSampleMenuTableViewController.m */; };
		B19A75F5165E1C7400DFEC5D /* EzSampleMenuTableItem.m in Sources */ = {isa = PBXBuildFile; fileRef = B19A75F4165E1C7400DFEC5D /* EzSampleMenuTableItem.m */; };
		B19A75F8165E1EEA00DFEC5D /* EzSampleMenuTableViewCell.m in Sources */ = {isa = PBXBuildFile; fileRef = B19A75F7165E1EE900DFEC5D /* EzSampleMenuTableViewCell.m */; };
		B19A75FB165E578D00DFEC5D /* EzSampleClassNonARC.m in Sources */ = {isa = PBXBuildFile; fileRef = B19A75FA165E578C00DFEC5D /* EzSampleClassNonARC.m */; settings = {COMPILER_FLAGS = "-fno-objc-arc"; }; };
		B1A08D9C1664646C0029399F /* EzSampleObjectCustomPropertiesWithIVarSingleMutexWithoutSleep.m in Sources */ = {isa = PBXBuildFile; fileRef = B1A08D9B1664646C0029399F /* EzSampleObjectCustomPropertiesWithIVarSingleMutexWithoutSleep.m */; };
		B1A08DA0166479B00029399F /* EzSampleObjectCustomPropertiesWithIVarSingleMutexWithoutSleepWithTryFinally.m in Sources */ = {isa = PBXBuildFile; fileRef = B1A08D9F166479B00029399F /* EzSampleObjectCustomPropertiesWithIVarSingleMutexWithoutSleepWithTryFinally.m */; };
		B1A08DE11664D4DD0029399F /* EzSampleObjectCustomPropertiesWithIVarNSRecursiveLock.m in Sources */ = {isa = PBXBuildFile; fileRef = B1A08DE01664D4DD0029399F /* EzSampleObjectCustomPropertiesWithIVarNSRecursiveLock.m */; };
		B1A2D73D165F9490000DE6DE /* EzSampleClassAssign.m in Sources */ = {isa = PBXBuildFile; fileRef = B1A2D73A165F9490000DE6DE /* EzSampleClassAssign.m */; settings = {COMPILER_FLAGS = "-fno-objc-arc"; }; };
		B1A2D73E165F9490000DE6DE /* EzSampleClassWeak.m in Sources */ = {isa = PBXBuildFile; fileRef = B1A2D73C165F9490000DE6DE /* EzSampleClassWeak.m */; };
		B1A54F7516633A89008D5741 /* EzSampleObjectCustomPropertiesWithIVarSynchronizedForEach.m in Sources */ = {isa = PBXBuildFile; fileRef = B1A54F7416633A89008D5741 /* EzSampleObjectCustomPropertiesWithIVarSynchronizedForEach.m */; };
		B1A54F7916633F5E008D5741 /* EzSampleObjectCustomPropertiesWithIVarSynchronizedForEachWithSleep.m in Sources */ = {isa = PBXBuildFile; fileRef = B1A54F7816633F5E008D5741 /* EzSampleObjectCustomPropertiesWithIVarSynchronizedForEachWithSleep.m */; };
		B1A54F7C16633FFE008D5741 /* EzSampleObjectCustomPropertiesWithIVarNSLockForEachWithSleep.m in Sources */ = {isa = PBXBuildFile; fileRef = B1A54F7B16633FFE008D5741 /* EzSampleObjectCustomPropertiesWithIVarNSLockForEachWithSleep.m */; };
		B1A54F8116634CD4008D5741 /* EzSampleObjectCustomPropertiesWithIVarSemaphoreForEachWithoutSleep.m in Sources */ = {isa = PBXBuildFile; fileRef = B1A54F7E16634CD3008D5741 /* EzSampleObjectCustomPropertiesWithIVarSemaphoreForEachWithoutSleep.m */; };
		B1A54F8216634CD4008D5741 /* EzSampleObjectCustomPropertiesWithIVarSemaphoreForEachWithSleep.m in Sources */ = {isa = PBXBuildFile; fileRef = B1A54F8016634CD3008D5741 /* EzSampleObjectCustomPropertiesWithIVarSemaphoreForEachWithSleep.m */; };
		B1A54F851663554F008D5741 /* EzSampleObjectCustomPropertiesWithIVarSingleSemaphoreWithoutSleep.m in Sources */ = {isa = PBXBuildFile; fileRef = B1A54F841663554E008D5741 /* EzSampleObjectCustomPropertiesWithIVarSingleSemaphoreWithoutSleep.m */; };
		B1A85A2E165C93B30041F46B /* UIKit.framework in Frameworks */ = {isa = PBXBuildFile; fileRef = B1A85A2D165C93B30041F46B /* UIKit.framework */; };
		B1A85A30165C93B30041F46B /* Foundation.framework in Frameworks */ = {isa = PBXBuildFile; fileRef = B1A85A2F165C93B30041F46B /* Foundation.framework */; };
		B1A85A32165C93B30041F46B /* CoreGraphics.framework in Frameworks */ = {isa = PBXBuildFile; fileRef = B1A85A31165C93B30041F46B /* CoreGraphics.framework */; };
		B1A85A38165C93B30041F46B /* InfoPlist.strings in Resources */ = {isa = PBXBuildFile; fileRef = B1A85A36165C93B30041F46B /* InfoPlist.strings */; };
		B1A85A3A165C93B30041F46B /* main.m in Sources */ = {isa = PBXBuildFile; fileRef = B1A85A39165C93B30041F46B /* main.m */; };
		B1A85A3E165C93B30041F46B /* EzSampleAppDelegate.m in Sources */ = {isa = PBXBuildFile; fileRef = B1A85A3D165C93B30041F46B /* EzSampleAppDelegate.m */; };
		B1A85A40165C93B30041F46B /* Default.png in Resources */ = {isa = PBXBuildFile; fileRef = B1A85A3F165C93B30041F46B /* Default.png */; };
		B1A85A42165C93B30041F46B /* Default@2x.png in Resources */ = {isa = PBXBuildFile; fileRef = B1A85A41165C93B30041F46B /* Default@2x.png */; };
		B1A85A44165C93B30041F46B /* Default-568h@2x.png in Resources */ = {isa = PBXBuildFile; fileRef = B1A85A43165C93B30041F46B /* Default-568h@2x.png */; };
		B1A85A47165C93B30041F46B /* MainStoryboard.storyboard in Resources */ = {isa = PBXBuildFile; fileRef = B1A85A45165C93B30041F46B /* MainStoryboard.storyboard */; };
		B1A85A4A165C93B30041F46B /* EzSampleViewController.m in Sources */ = {isa = PBXBuildFile; fileRef = B1A85A49165C93B30041F46B /* EzSampleViewController.m */; };
		B1A85A52165C95EE0041F46B /* EzSampleObject.m in Sources */ = {isa = PBXBuildFile; fileRef = B1A85A51165C95EE0041F46B /* EzSampleObject.m */; };
		B1A85A56165CEF760041F46B /* EzSampleObjectCustomProperties.m in Sources */ = {isa = PBXBuildFile; fileRef = B1A85A55165CEF760041F46B /* EzSampleObjectCustomProperties.m */; };
		B1A85A59165CF5D10041F46B /* EzSampleObjectCustomPropertiesWithSynchronized.m in Sources */ = {isa = PBXBuildFile; fileRef = B1A85A58165CF5D00041F46B /* EzSampleObjectCustomPropertiesWithSynchronized.m */; };
		B1A85A5C165CF9850041F46B /* EzSampleObjectCustomPropertiesWithAtomicAndSynchronized.m in Sources */ = {isa = PBXBuildFile; fileRef = B1A85A5B165CF9850041F46B /* EzSampleObjectCustomPropertiesWithAtomicAndSynchronized.m */; };
		B1A85A5F165D00A60041F46B /* EzSampleLongLong.m in Sources */ = {isa = PBXBuildFile; fileRef = B1A85A5E165D00A60041F46B /* EzSampleLongLong.m */; };
		B1A85A62165D0C2F0041F46B /* EzSampleLongLongOverrideAtomicGetter.m in Sources */ = {isa = PBXBuildFile; fileRef = B1A85A61165D0C2F0041F46B /* EzSampleLongLongOverrideAtomicGetter.m */; };
		B1A85A65165D111F0041F46B /* EzSampleLong.m in Sources */ = {isa = PBXBuildFile; fileRef = B1A85A64165D111F0041F46B /* EzSampleLong.m */; };
		B1A85A6C165D167D0041F46B /* EzSampleObjectClassValue.m in Sources */ = {isa = PBXBuildFile; fileRef = B1A85A6B165D167D0041F46B /* EzSampleObjectClassValue.m */; settings = {COMPILER_FLAGS = "-fno-objc-arc"; }; };
		B1A85A70165D169E0041F46B /* EzSampleClass.m in Sources */ = {isa = PBXBuildFile; fileRef = B1A85A6F165D169E0041F46B /* EzSampleClass.m */; };
		B1AB0D1916620F07001022A8 /* EzSampleClassWeakCustom.m in Sources */ = {isa = PBXBuildFile; fileRef = B1AB0D1816620F07001022A8 /* EzSampleClassWeakCustom.m */; };
		B1AB0D1D16621909001022A8 /* EzSampleClassCustomWithoutCopyInRWLoop.m in Sources */ = {isa = PBXBuildFile; fileRef = B1AB0D1C16621909001022A8 /* EzSampleClassCustomWithoutCopyInRWLoop.m */; };
		B1AB0D20166222C8001022A8 /* EzSampleClassWithoutCopyInRWLoop.m in Sources */ = {isa = PBXBuildFile; fileRef = B1AB0D1F166222C8001022A8 /* EzSampleClassWithoutCopyInRWLoop.m */; };
		B1AB0D241662257C001022A8 /* EzSampleClassCustomWithCopyInRWLoop.m in Sources */ = {isa = PBXBuildFile; fileRef = B1AB0D231662257C001022A8 /* EzSampleClassCustomWithCopyInRWLoop.m */; };
		B1AB0D2716622EA9001022A8 /* EzSampleClassAssignCustomWithARC.m in Sources */ = {isa = PBXBuildFile; fileRef = B1AB0D2616622EA9001022A8 /* EzSampleClassAssignCustomWithARC.m */; };
		B1B0C26016607ABB00B73A55 /* EzSampleClassBase.m in Sources */ = {isa = PBXBuildFile; fileRef = B1B0C25F16607ABB00B73A55 /* EzSampleClassBase.m */; };
		B1B0C2641660EB1B00B73A55 /* EzSampleObjectDirectReadWrite.m in Sources */ = {isa = PBXBuildFile; fileRef = B1B0C2631660EB1A00B73A55 /* EzSampleObjectDirectReadWrite.m */; };
		B1B0C2691660F4F600B73A55 /* EzSampleObjectCustomPropertiesWithIVarNSLock.m in Sources */ = {isa = PBXBuildFile; fileRef = B1B0C2661660F4F300B73A55 /* EzSampleObjectCustomPropertiesWithIVarNSLock.m */; };
		B1B0C26D1660F8A500B73A55 /* EzSampleObjectCustomPropertiesWithIVarNSLockForEach.m in Sources */ = {isa = PBXBuildFile; fileRef = B1B0C26C1660F8A400B73A55 /* EzSampleObjectCustomPropertiesWithIVarNSLockForEach.m */; };
/* End PBXBuildFile section */

/* Begin PBXFileReference section */
		B19A75EC165DC8F500DFEC5D /* EzSampleMenuViewControllerDelegate.h */ = {isa = PBXFileReference; lastKnownFileType = sourcecode.c.h; path = EzSampleMenuViewControllerDelegate.h; sourceTree = "<group>"; };
		B19A75ED165E185000DFEC5D /* EzSampleClassCopy.h */ = {isa = PBXFileReference; fileEncoding = 4; lastKnownFileType = sourcecode.c.h; path = EzSampleClassCopy.h; sourceTree = "<group>"; };
		B19A75EE165E185000DFEC5D /* EzSampleClassCopy.m */ = {isa = PBXFileReference; fileEncoding = 4; lastKnownFileType = sourcecode.c.objc; path = EzSampleClassCopy.m; sourceTree = "<group>"; };
		B19A75F0165E1C1B00DFEC5D /* EzSampleMenuTableViewController.h */ = {isa = PBXFileReference; fileEncoding = 4; lastKnownFileType = sourcecode.c.h; path = EzSampleMenuTableViewController.h; sourceTree = "<group>"; };
		B19A75F1165E1C1C00DFEC5D /* EzSampleMenuTableViewController.m */ = {isa = PBXFileReference; fileEncoding = 4; lastKnownFileType = sourcecode.c.objc; path = EzSampleMenuTableViewController.m; sourceTree = "<group>"; };
		B19A75F3165E1C7300DFEC5D /* EzSampleMenuTableItem.h */ = {isa = PBXFileReference; fileEncoding = 4; lastKnownFileType = sourcecode.c.h; path = EzSampleMenuTableItem.h; sourceTree = "<group>"; };
		B19A75F4165E1C7400DFEC5D /* EzSampleMenuTableItem.m */ = {isa = PBXFileReference; fileEncoding = 4; lastKnownFileType = sourcecode.c.objc; path = EzSampleMenuTableItem.m; sourceTree = "<group>"; };
		B19A75F6165E1EE900DFEC5D /* EzSampleMenuTableViewCell.h */ = {isa = PBXFileReference; fileEncoding = 4; lastKnownFileType = sourcecode.c.h; path = EzSampleMenuTableViewCell.h; sourceTree = "<group>"; };
		B19A75F7165E1EE900DFEC5D /* EzSampleMenuTableViewCell.m */ = {isa = PBXFileReference; fileEncoding = 4; lastKnownFileType = sourcecode.c.objc; path = EzSampleMenuTableViewCell.m; sourceTree = "<group>"; };
		B19A75F9165E578C00DFEC5D /* EzSampleClassNonARC.h */ = {isa = PBXFileReference; fileEncoding = 4; lastKnownFileType = sourcecode.c.h; path = EzSampleClassNonARC.h; sourceTree = "<group>"; };
		B19A75FA165E578C00DFEC5D /* EzSampleClassNonARC.m */ = {isa = PBXFileReference; fileEncoding = 4; lastKnownFileType = sourcecode.c.objc; path = EzSampleClassNonARC.m; sourceTree = "<group>"; };
		B1A08D9A1664646C0029399F /* EzSampleObjectCustomPropertiesWithIVarSingleMutexWithoutSleep.h */ = {isa = PBXFileReference; fileEncoding = 4; lastKnownFileType = sourcecode.c.h; path = EzSampleObjectCustomPropertiesWithIVarSingleMutexWithoutSleep.h; sourceTree = "<group>"; };
		B1A08D9B1664646C0029399F /* EzSampleObjectCustomPropertiesWithIVarSingleMutexWithoutSleep.m */ = {isa = PBXFileReference; fileEncoding = 4; lastKnownFileType = sourcecode.c.objc; path = EzSampleObjectCustomPropertiesWithIVarSingleMutexWithoutSleep.m; sourceTree = "<group>"; };
		B1A08D9E166479B00029399F /* EzSampleObjectCustomPropertiesWithIVarSingleMutexWithoutSleepWithTryFinally.h */ = {isa = PBXFileReference; fileEncoding = 4; lastKnownFileType = sourcecode.c.h; path = EzSampleObjectCustomPropertiesWithIVarSingleMutexWithoutSleepWithTryFinally.h; sourceTree = "<group>"; };
		B1A08D9F166479B00029399F /* EzSampleObjectCustomPropertiesWithIVarSingleMutexWithoutSleepWithTryFinally.m */ = {isa = PBXFileReference; fileEncoding = 4; lastKnownFileType = sourcecode.c.objc; path = EzSampleObjectCustomPropertiesWithIVarSingleMutexWithoutSleepWithTryFinally.m; sourceTree = "<group>"; };
		B1A08DDF1664D4DD0029399F /* EzSampleObjectCustomPropertiesWithIVarNSRecursiveLock.h */ = {isa = PBXFileReference; fileEncoding = 4; lastKnownFileType = sourcecode.c.h; path = EzSampleObjectCustomPropertiesWithIVarNSRecursiveLock.h; sourceTree = "<group>"; };
		B1A08DE01664D4DD0029399F /* EzSampleObjectCustomPropertiesWithIVarNSRecursiveLock.m */ = {isa = PBXFileReference; fileEncoding = 4; lastKnownFileType = sourcecode.c.objc; path = EzSampleObjectCustomPropertiesWithIVarNSRecursiveLock.m; sourceTree = "<group>"; };
		B1A2D739165F9490000DE6DE /* EzSampleClassAssign.h */ = {isa = PBXFileReference; fileEncoding = 4; lastKnownFileType = sourcecode.c.h; path = EzSampleClassAssign.h; sourceTree = "<group>"; };
		B1A2D73A165F9490000DE6DE /* EzSampleClassAssign.m */ = {isa = PBXFileReference; fileEncoding = 4; lastKnownFileType = sourcecode.c.objc; path = EzSampleClassAssign.m; sourceTree = "<group>"; };
		B1A2D73B165F9490000DE6DE /* EzSampleClassWeak.h */ = {isa = PBXFileReference; fileEncoding = 4; lastKnownFileType = sourcecode.c.h; path = EzSampleClassWeak.h; sourceTree = "<group>"; };
		B1A2D73C165F9490000DE6DE /* EzSampleClassWeak.m */ = {isa = PBXFileReference; fileEncoding = 4; lastKnownFileType = sourcecode.c.objc; path = EzSampleClassWeak.m; sourceTree = "<group>"; };
		B1A54F7316633A89008D5741 /* EzSampleObjectCustomPropertiesWithIVarSynchronizedForEach.h */ = {isa = PBXFileReference; fileEncoding = 4; lastKnownFileType = sourcecode.c.h; path = EzSampleObjectCustomPropertiesWithIVarSynchronizedForEach.h; sourceTree = "<group>"; };
		B1A54F7416633A89008D5741 /* EzSampleObjectCustomPropertiesWithIVarSynchronizedForEach.m */ = {isa = PBXFileReference; fileEncoding = 4; lastKnownFileType = sourcecode.c.objc; path = EzSampleObjectCustomPropertiesWithIVarSynchronizedForEach.m; sourceTree = "<group>"; };
		B1A54F7716633F5E008D5741 /* EzSampleObjectCustomPropertiesWithIVarSynchronizedForEachWithSleep.h */ = {isa = PBXFileReference; fileEncoding = 4; lastKnownFileType = sourcecode.c.h; path = EzSampleObjectCustomPropertiesWithIVarSynchronizedForEachWithSleep.h; sourceTree = "<group>"; };
		B1A54F7816633F5E008D5741 /* EzSampleObjectCustomPropertiesWithIVarSynchronizedForEachWithSleep.m */ = {isa = PBXFileReference; fileEncoding = 4; lastKnownFileType = sourcecode.c.objc; path = EzSampleObjectCustomPropertiesWithIVarSynchronizedForEachWithSleep.m; sourceTree = "<group>"; };
		B1A54F7A16633FFE008D5741 /* EzSampleObjectCustomPropertiesWithIVarNSLockForEachWithSleep.h */ = {isa = PBXFileReference; fileEncoding = 4; lastKnownFileType = sourcecode.c.h; path = EzSampleObjectCustomPropertiesWithIVarNSLockForEachWithSleep.h; sourceTree = "<group>"; };
		B1A54F7B16633FFE008D5741 /* EzSampleObjectCustomPropertiesWithIVarNSLockForEachWithSleep.m */ = {isa = PBXFileReference; fileEncoding = 4; lastKnownFileType = sourcecode.c.objc; path = EzSampleObjectCustomPropertiesWithIVarNSLockForEachWithSleep.m; sourceTree = "<group>"; };
		B1A54F7D16634CD3008D5741 /* EzSampleObjectCustomPropertiesWithIVarSemaphoreForEachWithoutSleep.h */ = {isa = PBXFileReference; fileEncoding = 4; lastKnownFileType = sourcecode.c.h; path = EzSampleObjectCustomPropertiesWithIVarSemaphoreForEachWithoutSleep.h; sourceTree = "<group>"; };
		B1A54F7E16634CD3008D5741 /* EzSampleObjectCustomPropertiesWithIVarSemaphoreForEachWithoutSleep.m */ = {isa = PBXFileReference; fileEncoding = 4; lastKnownFileType = sourcecode.c.objc; path = EzSampleObjectCustomPropertiesWithIVarSemaphoreForEachWithoutSleep.m; sourceTree = "<group>"; };
		B1A54F7F16634CD3008D5741 /* EzSampleObjectCustomPropertiesWithIVarSemaphoreForEachWithSleep.h */ = {isa = PBXFileReference; fileEncoding = 4; lastKnownFileType = sourcecode.c.h; path = EzSampleObjectCustomPropertiesWithIVarSemaphoreForEachWithSleep.h; sourceTree = "<group>"; };
		B1A54F8016634CD3008D5741 /* EzSampleObjectCustomPropertiesWithIVarSemaphoreForEachWithSleep.m */ = {isa = PBXFileReference; fileEncoding = 4; lastKnownFileType = sourcecode.c.objc; path = EzSampleObjectCustomPropertiesWithIVarSemaphoreForEachWithSleep.m; sourceTree = "<group>"; };
		B1A54F831663554E008D5741 /* EzSampleObjectCustomPropertiesWithIVarSingleSemaphoreWithoutSleep.h */ = {isa = PBXFileReference; fileEncoding = 4; lastKnownFileType = sourcecode.c.h; path = EzSampleObjectCustomPropertiesWithIVarSingleSemaphoreWithoutSleep.h; sourceTree = "<group>"; };
		B1A54F841663554E008D5741 /* EzSampleObjectCustomPropertiesWithIVarSingleSemaphoreWithoutSleep.m */ = {isa = PBXFileReference; fileEncoding = 4; lastKnownFileType = sourcecode.c.objc; path = EzSampleObjectCustomPropertiesWithIVarSingleSemaphoreWithoutSleep.m; sourceTree = "<group>"; };
		B1A85A29165C93B30041F46B /* EzSample_iOS_atomic.app */ = {isa = PBXFileReference; explicitFileType = wrapper.application; includeInIndex = 0; path = EzSample_iOS_atomic.app; sourceTree = BUILT_PRODUCTS_DIR; };
		B1A85A2D165C93B30041F46B /* UIKit.framework */ = {isa = PBXFileReference; lastKnownFileType = wrapper.framework; name = UIKit.framework; path = System/Library/Frameworks/UIKit.framework; sourceTree = SDKROOT; };
		B1A85A2F165C93B30041F46B /* Foundation.framework */ = {isa = PBXFileReference; lastKnownFileType = wrapper.framework; name = Foundation.framework; path = System/Library/Frameworks/Foundation.framework; sourceTree = SDKROOT; };
		B1A85A31165C93B30041F46B /* CoreGraphics.framework */ = {isa = PBXFileReference; lastKnownFileType = wrapper.framework; name = CoreGraphics.framework; path = System/Library/Frameworks/CoreGraphics.framework; sourceTree = SDKROOT; };
		B1A85A35165C93B30041F46B /* EzSample_iOS_atomic-Info.plist */ = {isa = PBXFileReference; lastKnownFileType = text.plist.xml; path = "EzSample_iOS_atomic-Info.plist"; sourceTree = "<group>"; };
		B1A85A37165C93B30041F46B /* en */ = {isa = PBXFileReference; lastKnownFileType = text.plist.strings; name = en; path = en.lproj/InfoPlist.strings; sourceTree = "<group>"; };
		B1A85A39165C93B30041F46B /* main.m */ = {isa = PBXFileReference; lastKnownFileType = sourcecode.c.objc; path = main.m; sourceTree = "<group>"; };
		B1A85A3B165C93B30041F46B /* EzSample_iOS_atomic-Prefix.pch */ = {isa = PBXFileReference; lastKnownFileType = sourcecode.c.h; path = "EzSample_iOS_atomic-Prefix.pch"; sourceTree = "<group>"; };
		B1A85A3C165C93B30041F46B /* EzSampleAppDelegate.h */ = {isa = PBXFileReference; lastKnownFileType = sourcecode.c.h; path = EzSampleAppDelegate.h; sourceTree = "<group>"; };
		B1A85A3D165C93B30041F46B /* EzSampleAppDelegate.m */ = {isa = PBXFileReference; lastKnownFileType = sourcecode.c.objc; path = EzSampleAppDelegate.m; sourceTree = "<group>"; };
		B1A85A3F165C93B30041F46B /* Default.png */ = {isa = PBXFileReference; lastKnownFileType = image.png; path = Default.png; sourceTree = "<group>"; };
		B1A85A41165C93B30041F46B /* Default@2x.png */ = {isa = PBXFileReference; lastKnownFileType = image.png; path = "Default@2x.png"; sourceTree = "<group>"; };
		B1A85A43165C93B30041F46B /* Default-568h@2x.png */ = {isa = PBXFileReference; lastKnownFileType = image.png; path = "Default-568h@2x.png"; sourceTree = "<group>"; };
		B1A85A46165C93B30041F46B /* en */ = {isa = PBXFileReference; lastKnownFileType = file.storyboard; name = en; path = en.lproj/MainStoryboard.storyboard; sourceTree = "<group>"; };
		B1A85A48165C93B30041F46B /* EzSampleViewController.h */ = {isa = PBXFileReference; lastKnownFileType = sourcecode.c.h; path = EzSampleViewController.h; sourceTree = "<group>"; };
		B1A85A49165C93B30041F46B /* EzSampleViewController.m */ = {isa = PBXFileReference; lastKnownFileType = sourcecode.c.objc; path = EzSampleViewController.m; sourceTree = "<group>"; };
		B1A85A50165C95EE0041F46B /* EzSampleObject.h */ = {isa = PBXFileReference; fileEncoding = 4; lastKnownFileType = sourcecode.c.h; path = EzSampleObject.h; sourceTree = "<group>"; };
		B1A85A51165C95EE0041F46B /* EzSampleObject.m */ = {isa = PBXFileReference; fileEncoding = 4; lastKnownFileType = sourcecode.c.objc; path = EzSampleObject.m; sourceTree = "<group>"; };
		B1A85A53165CED180041F46B /* EzSampleObjectProtocol.h */ = {isa = PBXFileReference; lastKnownFileType = sourcecode.c.h; path = EzSampleObjectProtocol.h; sourceTree = "<group>"; };
		B1A85A54165CEF760041F46B /* EzSampleObjectCustomProperties.h */ = {isa = PBXFileReference; fileEncoding = 4; lastKnownFileType = sourcecode.c.h; path = EzSampleObjectCustomProperties.h; sourceTree = "<group>"; };
		B1A85A55165CEF760041F46B /* EzSampleObjectCustomProperties.m */ = {isa = PBXFileReference; fileEncoding = 4; lastKnownFileType = sourcecode.c.objc; path = EzSampleObjectCustomProperties.m; sourceTree = "<group>"; };
		B1A85A57165CF5D00041F46B /* EzSampleObjectCustomPropertiesWithSynchronized.h */ = {isa = PBXFileReference; fileEncoding = 4; lastKnownFileType = sourcecode.c.h; path = EzSampleObjectCustomPropertiesWithSynchronized.h; sourceTree = "<group>"; };
		B1A85A58165CF5D00041F46B /* EzSampleObjectCustomPropertiesWithSynchronized.m */ = {isa = PBXFileReference; fileEncoding = 4; lastKnownFileType = sourcecode.c.objc; path = EzSampleObjectCustomPropertiesWithSynchronized.m; sourceTree = "<group>"; };
		B1A85A5A165CF9850041F46B /* EzSampleObjectCustomPropertiesWithAtomicAndSynchronized.h */ = {isa = PBXFileReference; fileEncoding = 4; lastKnownFileType = sourcecode.c.h; path = EzSampleObjectCustomPropertiesWithAtomicAndSynchronized.h; sourceTree = "<group>"; };
		B1A85A5B165CF9850041F46B /* EzSampleObjectCustomPropertiesWithAtomicAndSynchronized.m */ = {isa = PBXFileReference; fileEncoding = 4; lastKnownFileType = sourcecode.c.objc; path = EzSampleObjectCustomPropertiesWithAtomicAndSynchronized.m; sourceTree = "<group>"; };
		B1A85A5D165D00A60041F46B /* EzSampleLongLong.h */ = {isa = PBXFileReference; fileEncoding = 4; lastKnownFileType = sourcecode.c.h; path = EzSampleLongLong.h; sourceTree = "<group>"; };
		B1A85A5E165D00A60041F46B /* EzSampleLongLong.m */ = {isa = PBXFileReference; fileEncoding = 4; lastKnownFileType = sourcecode.c.objc; path = EzSampleLongLong.m; sourceTree = "<group>"; };
		B1A85A60165D0C2F0041F46B /* EzSampleLongLongOverrideAtomicGetter.h */ = {isa = PBXFileReference; fileEncoding = 4; lastKnownFileType = sourcecode.c.h; path = EzSampleLongLongOverrideAtomicGetter.h; sourceTree = "<group>"; };
		B1A85A61165D0C2F0041F46B /* EzSampleLongLongOverrideAtomicGetter.m */ = {isa = PBXFileReference; fileEncoding = 4; lastKnownFileType = sourcecode.c.objc; path = EzSampleLongLongOverrideAtomicGetter.m; sourceTree = "<group>"; };
		B1A85A63165D111F0041F46B /* EzSampleLong.h */ = {isa = PBXFileReference; fileEncoding = 4; lastKnownFileType = sourcecode.c.h; path = EzSampleLong.h; sourceTree = "<group>"; };
		B1A85A64165D111F0041F46B /* EzSampleLong.m */ = {isa = PBXFileReference; fileEncoding = 4; lastKnownFileType = sourcecode.c.objc; path = EzSampleLong.m; sourceTree = "<group>"; };
		B1A85A6A165D167D0041F46B /* EzSampleObjectClassValue.h */ = {isa = PBXFileReference; fileEncoding = 4; lastKnownFileType = sourcecode.c.h; path = EzSampleObjectClassValue.h; sourceTree = "<group>"; };
		B1A85A6B165D167D0041F46B /* EzSampleObjectClassValue.m */ = {isa = PBXFileReference; fileEncoding = 4; lastKnownFileType = sourcecode.c.objc; path = EzSampleObjectClassValue.m; sourceTree = "<group>"; };
		B1A85A6E165D169E0041F46B /* EzSampleClass.h */ = {isa = PBXFileReference; fileEncoding = 4; lastKnownFileType = sourcecode.c.h; path = EzSampleClass.h; sourceTree = "<group>"; };
		B1A85A6F165D169E0041F46B /* EzSampleClass.m */ = {isa = PBXFileReference; fileEncoding = 4; lastKnownFileType = sourcecode.c.objc; path = EzSampleClass.m; sourceTree = "<group>"; };
		B1AB0D1716620F07001022A8 /* EzSampleClassWeakCustom.h */ = {isa = PBXFileReference; fileEncoding = 4; lastKnownFileType = sourcecode.c.h; path = EzSampleClassWeakCustom.h; sourceTree = "<group>"; };
		B1AB0D1816620F07001022A8 /* EzSampleClassWeakCustom.m */ = {isa = PBXFileReference; fileEncoding = 4; lastKnownFileType = sourcecode.c.objc; path = EzSampleClassWeakCustom.m; sourceTree = "<group>"; };
		B1AB0D1C16621909001022A8 /* EzSampleClassCustomWithoutCopyInRWLoop.m */ = {isa = PBXFileReference; fileEncoding = 4; lastKnownFileType = sourcecode.c.objc; path = EzSampleClassCustomWithoutCopyInRWLoop.m; sourceTree = "<group>"; };
		B1AB0D1E166222C8001022A8 /* EzSampleClassWithoutCopyInRWLoop.h */ = {isa = PBXFileReference; fileEncoding = 4; lastKnownFileType = sourcecode.c.h; path = EzSampleClassWithoutCopyInRWLoop.h; sourceTree = "<group>"; };
		B1AB0D1F166222C8001022A8 /* EzSampleClassWithoutCopyInRWLoop.m */ = {isa = PBXFileReference; fileEncoding = 4; lastKnownFileType = sourcecode.c.objc; path = EzSampleClassWithoutCopyInRWLoop.m; sourceTree = "<group>"; };
		B1AB0D211662243D001022A8 /* EzSampleClassCustomWithoutCopyInRWLoop.h */ = {isa = PBXFileReference; fileEncoding = 4; lastKnownFileType = sourcecode.c.h; path = EzSampleClassCustomWithoutCopyInRWLoop.h; sourceTree = "<group>"; };
		B1AB0D221662257C001022A8 /* EzSampleClassCustomWithCopyInRWLoop.h */ = {isa = PBXFileReference; fileEncoding = 4; lastKnownFileType = sourcecode.c.h; path = EzSampleClassCustomWithCopyInRWLoop.h; sourceTree = "<group>"; };
		B1AB0D231662257C001022A8 /* EzSampleClassCustomWithCopyInRWLoop.m */ = {isa = PBXFileReference; fileEncoding = 4; lastKnownFileType = sourcecode.c.objc; path = EzSampleClassCustomWithCopyInRWLoop.m; sourceTree = "<group>"; };
		B1AB0D2516622EA9001022A8 /* EzSampleClassAssignCustomWithARC.h */ = {isa = PBXFileReference; fileEncoding = 4; lastKnownFileType = sourcecode.c.h; path = EzSampleClassAssignCustomWithARC.h; sourceTree = "<group>"; };
		B1AB0D2616622EA9001022A8 /* EzSampleClassAssignCustomWithARC.m */ = {isa = PBXFileReference; fileEncoding = 4; lastKnownFileType = sourcecode.c.objc; path = EzSampleClassAssignCustomWithARC.m; sourceTree = "<group>"; };
		B1B0C25E16607ABB00B73A55 /* EzSampleClassBase.h */ = {isa = PBXFileReference; fileEncoding = 4; lastKnownFileType = sourcecode.c.h; path = EzSampleClassBase.h; sourceTree = "<group>"; };
		B1B0C25F16607ABB00B73A55 /* EzSampleClassBase.m */ = {isa = PBXFileReference; fileEncoding = 4; lastKnownFileType = sourcecode.c.objc; path = EzSampleClassBase.m; sourceTree = "<group>"; };
		B1B0C2621660EB1900B73A55 /* EzSampleObjectDirectReadWrite.h */ = {isa = PBXFileReference; fileEncoding = 4; lastKnownFileType = sourcecode.c.h; path = EzSampleObjectDirectReadWrite.h; sourceTree = "<group>"; };
		B1B0C2631660EB1A00B73A55 /* EzSampleObjectDirectReadWrite.m */ = {isa = PBXFileReference; fileEncoding = 4; lastKnownFileType = sourcecode.c.objc; path = EzSampleObjectDirectReadWrite.m; sourceTree = "<group>"; };
		B1B0C2651660F4F200B73A55 /* EzSampleObjectCustomPropertiesWithIVarNSLock.h */ = {isa = PBXFileReference; fileEncoding = 4; lastKnownFileType = sourcecode.c.h; path = EzSampleObjectCustomPropertiesWithIVarNSLock.h; sourceTree = "<group>"; };
		B1B0C2661660F4F300B73A55 /* EzSampleObjectCustomPropertiesWithIVarNSLock.m */ = {isa = PBXFileReference; fileEncoding = 4; lastKnownFileType = sourcecode.c.objc; path = EzSampleObjectCustomPropertiesWithIVarNSLock.m; sourceTree = "<group>"; };
		B1B0C26B1660F8A400B73A55 /* EzSampleObjectCustomPropertiesWithIVarNSLockForEach.h */ = {isa = PBXFileReference; fileEncoding = 4; lastKnownFileType = sourcecode.c.h; path = EzSampleObjectCustomPropertiesWithIVarNSLockForEach.h; sourceTree = "<group>"; };
		B1B0C26C1660F8A400B73A55 /* EzSampleObjectCustomPropertiesWithIVarNSLockForEach.m */ = {isa = PBXFileReference; fileEncoding = 4; lastKnownFileType = sourcecode.c.objc; path = EzSampleObjectCustomPropertiesWithIVarNSLockForEach.m; sourceTree = "<group>"; };
/* End PBXFileReference section */

/* Begin PBXFrameworksBuildPhase section */
		B1A85A26165C93B30041F46B /* Frameworks */ = {
			isa = PBXFrameworksBuildPhase;
			buildActionMask = 2147483647;
			files = (
				B1A85A2E165C93B30041F46B /* UIKit.framework in Frameworks */,
				B1A85A30165C93B30041F46B /* Foundation.framework in Frameworks */,
				B1A85A32165C93B30041F46B /* CoreGraphics.framework in Frameworks */,
			);
			runOnlyForDeploymentPostprocessing = 0;
		};
/* End PBXFrameworksBuildPhase section */

/* Begin PBXGroup section */
		B1A85A1E165C93B30041F46B = {
			isa = PBXGroup;
			children = (
				B1A85A33165C93B30041F46B /* EzSample_iOS_atomic */,
				B1A85A2C165C93B30041F46B /* Frameworks */,
				B1A85A2A165C93B30041F46B /* Products */,
			);
			sourceTree = "<group>";
		};
		B1A85A2A165C93B30041F46B /* Products */ = {
			isa = PBXGroup;
			children = (
				B1A85A29165C93B30041F46B /* EzSample_iOS_atomic.app */,
			);
			name = Products;
			sourceTree = "<group>";
		};
		B1A85A2C165C93B30041F46B /* Frameworks */ = {
			isa = PBXGroup;
			children = (
				B1A85A2D165C93B30041F46B /* UIKit.framework */,
				B1A85A2F165C93B30041F46B /* Foundation.framework */,
				B1A85A31165C93B30041F46B /* CoreGraphics.framework */,
			);
			name = Frameworks;
			sourceTree = "<group>";
		};
		B1A85A33165C93B30041F46B /* EzSample_iOS_atomic */ = {
			isa = PBXGroup;
			children = (
				B1A85A3C165C93B30041F46B /* EzSampleAppDelegate.h */,
				B1A85A3D165C93B30041F46B /* EzSampleAppDelegate.m */,
				B1A85A45165C93B30041F46B /* MainStoryboard.storyboard */,
				B1A85A48165C93B30041F46B /* EzSampleViewController.h */,
				B1A85A49165C93B30041F46B /* EzSampleViewController.m */,
				B19A75F0165E1C1B00DFEC5D /* EzSampleMenuTableViewController.h */,
				B19A75F1165E1C1C00DFEC5D /* EzSampleMenuTableViewController.m */,
				B19A75F6165E1EE900DFEC5D /* EzSampleMenuTableViewCell.h */,
				B19A75F7165E1EE900DFEC5D /* EzSampleMenuTableViewCell.m */,
				B19A75F3165E1C7300DFEC5D /* EzSampleMenuTableItem.h */,
				B19A75F4165E1C7400DFEC5D /* EzSampleMenuTableItem.m */,
				B19A75EC165DC8F500DFEC5D /* EzSampleMenuViewControllerDelegate.h */,
				B1A85A6A165D167D0041F46B /* EzSampleObjectClassValue.h */,
				B1A85A6B165D167D0041F46B /* EzSampleObjectClassValue.m */,
				B1A85A53165CED180041F46B /* EzSampleObjectProtocol.h */,
				B1A85A50165C95EE0041F46B /* EzSampleObject.h */,
				B1A85A51165C95EE0041F46B /* EzSampleObject.m */,
				B1A85A54165CEF760041F46B /* EzSampleObjectCustomProperties.h */,
				B1A85A55165CEF760041F46B /* EzSampleObjectCustomProperties.m */,
				B1B0C2621660EB1900B73A55 /* EzSampleObjectDirectReadWrite.h */,
				B1B0C2631660EB1A00B73A55 /* EzSampleObjectDirectReadWrite.m */,
				B1A85A57165CF5D00041F46B /* EzSampleObjectCustomPropertiesWithSynchronized.h */,
				B1A85A58165CF5D00041F46B /* EzSampleObjectCustomPropertiesWithSynchronized.m */,
				B1A85A5A165CF9850041F46B /* EzSampleObjectCustomPropertiesWithAtomicAndSynchronized.h */,
				B1A85A5B165CF9850041F46B /* EzSampleObjectCustomPropertiesWithAtomicAndSynchronized.m */,
				B1B0C2651660F4F200B73A55 /* EzSampleObjectCustomPropertiesWithIVarNSLock.h */,
				B1B0C2661660F4F300B73A55 /* EzSampleObjectCustomPropertiesWithIVarNSLock.m */,
				B1B0C26B1660F8A400B73A55 /* EzSampleObjectCustomPropertiesWithIVarNSLockForEach.h */,
				B1B0C26C1660F8A400B73A55 /* EzSampleObjectCustomPropertiesWithIVarNSLockForEach.m */,
				B1A54F7316633A89008D5741 /* EzSampleObjectCustomPropertiesWithIVarSynchronizedForEach.h */,
				B1A54F7416633A89008D5741 /* EzSampleObjectCustomPropertiesWithIVarSynchronizedForEach.m */,
				B1A54F7A16633FFE008D5741 /* EzSampleObjectCustomPropertiesWithIVarNSLockForEachWithSleep.h */,
				B1A54F7B16633FFE008D5741 /* EzSampleObjectCustomPropertiesWithIVarNSLockForEachWithSleep.m */,
				B1A54F7716633F5E008D5741 /* EzSampleObjectCustomPropertiesWithIVarSynchronizedForEachWithSleep.h */,
				B1A54F7816633F5E008D5741 /* EzSampleObjectCustomPropertiesWithIVarSynchronizedForEachWithSleep.m */,
				B1A54F7D16634CD3008D5741 /* EzSampleObjectCustomPropertiesWithIVarSemaphoreForEachWithoutSleep.h */,
				B1A54F7E16634CD3008D5741 /* EzSampleObjectCustomPropertiesWithIVarSemaphoreForEachWithoutSleep.m */,
				B1A54F7F16634CD3008D5741 /* EzSampleObjectCustomPropertiesWithIVarSemaphoreForEachWithSleep.h */,
				B1A54F8016634CD3008D5741 /* EzSampleObjectCustomPropertiesWithIVarSemaphoreForEachWithSleep.m */,
				B1A54F831663554E008D5741 /* EzSampleObjectCustomPropertiesWithIVarSingleSemaphoreWithoutSleep.h */,
				B1A54F841663554E008D5741 /* EzSampleObjectCustomPropertiesWithIVarSingleSemaphoreWithoutSleep.m */,
				B1A08D9A1664646C0029399F /* EzSampleObjectCustomPropertiesWithIVarSingleMutexWithoutSleep.h */,
				B1A08D9B1664646C0029399F /* EzSampleObjectCustomPropertiesWithIVarSingleMutexWithoutSleep.m */,
				B1A08D9E166479B00029399F /* EzSampleObjectCustomPropertiesWithIVarSingleMutexWithoutSleepWithTryFinally.h */,
				B1A08D9F166479B00029399F /* EzSampleObjectCustomPropertiesWithIVarSingleMutexWithoutSleepWithTryFinally.m */,
				B1A08DDF1664D4DD0029399F /* EzSampleObjectCustomPropertiesWithIVarNSRecursiveLock.h */,
				B1A08DE01664D4DD0029399F /* EzSampleObjectCustomPropertiesWithIVarNSRecursiveLock.m */,
				B1A85A5D165D00A60041F46B /* EzSampleLongLong.h */,
				B1A85A5E165D00A60041F46B /* EzSampleLongLong.m */,
				B1A85A60165D0C2F0041F46B /* EzSampleLongLongOverrideAtomicGetter.h */,
				B1A85A61165D0C2F0041F46B /* EzSampleLongLongOverrideAtomicGetter.m */,
				B1A85A63165D111F0041F46B /* EzSampleLong.h */,
				B1A85A64165D111F0041F46B /* EzSampleLong.m */,
				B1B0C25E16607ABB00B73A55 /* EzSampleClassBase.h */,
				B1B0C25F16607ABB00B73A55 /* EzSampleClassBase.m */,
				B1AB0D1E166222C8001022A8 /* EzSampleClassWithoutCopyInRWLoop.h */,
				B1AB0D1F166222C8001022A8 /* EzSampleClassWithoutCopyInRWLoop.m */,
				B1A85A6E165D169E0041F46B /* EzSampleClass.h */,
				B1A85A6F165D169E0041F46B /* EzSampleClass.m */,
				B1AB0D211662243D001022A8 /* EzSampleClassCustomWithoutCopyInRWLoop.h */,
				B1AB0D1C16621909001022A8 /* EzSampleClassCustomWithoutCopyInRWLoop.m */,
				B1AB0D221662257C001022A8 /* EzSampleClassCustomWithCopyInRWLoop.h */,
				B1AB0D231662257C001022A8 /* EzSampleClassCustomWithCopyInRWLoop.m */,
				B19A75F9165E578C00DFEC5D /* EzSampleClassNonARC.h */,
				B19A75FA165E578C00DFEC5D /* EzSampleClassNonARC.m */,
				B19A75ED165E185000DFEC5D /* EzSampleClassCopy.h */,
				B19A75EE165E185000DFEC5D /* EzSampleClassCopy.m */,
				B1A2D739165F9490000DE6DE /* EzSampleClassAssign.h */,
				B1A2D73A165F9490000DE6DE /* EzSampleClassAssign.m */,
				B1AB0D2516622EA9001022A8 /* EzSampleClassAssignCustomWithARC.h */,
				B1AB0D2616622EA9001022A8 /* EzSampleClassAssignCustomWithARC.m */,
				B1A2D73B165F9490000DE6DE /* EzSampleClassWeak.h */,
				B1A2D73C165F9490000DE6DE /* EzSampleClassWeak.m */,
				B1AB0D1716620F07001022A8 /* EzSampleClassWeakCustom.h */,
				B1AB0D1816620F07001022A8 /* EzSampleClassWeakCustom.m */,
				B1A85A34165C93B30041F46B /* Supporting Files */,
			);
			path = EzSample_iOS_atomic;
			sourceTree = "<group>";
		};
		B1A85A34165C93B30041F46B /* Supporting Files */ = {
			isa = PBXGroup;
			children = (
				B1A85A35165C93B30041F46B /* EzSample_iOS_atomic-Info.plist */,
				B1A85A36165C93B30041F46B /* InfoPlist.strings */,
				B1A85A39165C93B30041F46B /* main.m */,
				B1A85A3B165C93B30041F46B /* EzSample_iOS_atomic-Prefix.pch */,
				B1A85A3F165C93B30041F46B /* Default.png */,
				B1A85A41165C93B30041F46B /* Default@2x.png */,
				B1A85A43165C93B30041F46B /* Default-568h@2x.png */,
			);
			name = "Supporting Files";
			sourceTree = "<group>";
		};
/* End PBXGroup section */

/* Begin PBXNativeTarget section */
		B1A85A28165C93B30041F46B /* EzSample_iOS_atomic */ = {
			isa = PBXNativeTarget;
			buildConfigurationList = B1A85A4D165C93B30041F46B /* Build configuration list for PBXNativeTarget "EzSample_iOS_atomic" */;
			buildPhases = (
				B1A85A25165C93B30041F46B /* Sources */,
				B1A85A26165C93B30041F46B /* Frameworks */,
				B1A85A27165C93B30041F46B /* Resources */,
			);
			buildRules = (
			);
			dependencies = (
			);
			name = EzSample_iOS_atomic;
			productName = EzSample_iOS_atomic;
			productReference = B1A85A29165C93B30041F46B /* EzSample_iOS_atomic.app */;
			productType = "com.apple.product-type.application";
		};
/* End PBXNativeTarget section */

/* Begin PBXProject section */
		B1A85A20165C93B30041F46B /* Project object */ = {
			isa = PBXProject;
			attributes = {
				CLASSPREFIX = EzSample;
				LastUpgradeCheck = 0450;
				ORGANIZATIONNAME = "Tomohiro Kumagai";
			};
			buildConfigurationList = B1A85A23165C93B30041F46B /* Build configuration list for PBXProject "EzSample_iOS_atomic" */;
			compatibilityVersion = "Xcode 3.2";
			developmentRegion = English;
			hasScannedForEncodings = 0;
			knownRegions = (
				en,
			);
			mainGroup = B1A85A1E165C93B30041F46B;
			productRefGroup = B1A85A2A165C93B30041F46B /* Products */;
			projectDirPath = "";
			projectRoot = "";
			targets = (
				B1A85A28165C93B30041F46B /* EzSample_iOS_atomic */,
			);
		};
/* End PBXProject section */

/* Begin PBXResourcesBuildPhase section */
		B1A85A27165C93B30041F46B /* Resources */ = {
			isa = PBXResourcesBuildPhase;
			buildActionMask = 2147483647;
			files = (
				B1A85A38165C93B30041F46B /* InfoPlist.strings in Resources */,
				B1A85A40165C93B30041F46B /* Default.png in Resources */,
				B1A85A42165C93B30041F46B /* Default@2x.png in Resources */,
				B1A85A44165C93B30041F46B /* Default-568h@2x.png in Resources */,
				B1A85A47165C93B30041F46B /* MainStoryboard.storyboard in Resources */,
			);
			runOnlyForDeploymentPostprocessing = 0;
		};
/* End PBXResourcesBuildPhase section */

/* Begin PBXSourcesBuildPhase section */
		B1A85A25165C93B30041F46B /* Sources */ = {
			isa = PBXSourcesBuildPhase;
			buildActionMask = 2147483647;
			files = (
				B1A85A3A165C93B30041F46B /* main.m in Sources */,
				B1A85A3E165C93B30041F46B /* EzSampleAppDelegate.m in Sources */,
				B1A85A4A165C93B30041F46B /* EzSampleViewController.m in Sources */,
				B1A85A52165C95EE0041F46B /* EzSampleObject.m in Sources */,
				B1A85A56165CEF760041F46B /* EzSampleObjectCustomProperties.m in Sources */,
				B1A85A59165CF5D10041F46B /* EzSampleObjectCustomPropertiesWithSynchronized.m in Sources */,
				B1A85A5C165CF9850041F46B /* EzSampleObjectCustomPropertiesWithAtomicAndSynchronized.m in Sources */,
				B1A85A5F165D00A60041F46B /* EzSampleLongLong.m in Sources */,
				B1A85A62165D0C2F0041F46B /* EzSampleLongLongOverrideAtomicGetter.m in Sources */,
				B1A85A65165D111F0041F46B /* EzSampleLong.m in Sources */,
				B1A85A6C165D167D0041F46B /* EzSampleObjectClassValue.m in Sources */,
				B1A85A70165D169E0041F46B /* EzSampleClass.m in Sources */,
				B19A75EF165E185000DFEC5D /* EzSampleClassCopy.m in Sources */,
				B19A75F2165E1C1C00DFEC5D /* EzSampleMenuTableViewController.m in Sources */,
				B19A75F5165E1C7400DFEC5D /* EzSampleMenuTableItem.m in Sources */,
				B19A75F8165E1EEA00DFEC5D /* EzSampleMenuTableViewCell.m in Sources */,
				B19A75FB165E578D00DFEC5D /* EzSampleClassNonARC.m in Sources */,
				B1A2D73D165F9490000DE6DE /* EzSampleClassAssign.m in Sources */,
				B1A2D73E165F9490000DE6DE /* EzSampleClassWeak.m in Sources */,
				B1B0C26016607ABB00B73A55 /* EzSampleClassBase.m in Sources */,
				B1B0C2641660EB1B00B73A55 /* EzSampleObjectDirectReadWrite.m in Sources */,
				B1B0C2691660F4F600B73A55 /* EzSampleObjectCustomPropertiesWithIVarNSLock.m in Sources */,
				B1B0C26D1660F8A500B73A55 /* EzSampleObjectCustomPropertiesWithIVarNSLockForEach.m in Sources */,
				B1AB0D1916620F07001022A8 /* EzSampleClassWeakCustom.m in Sources */,
				B1AB0D1D16621909001022A8 /* EzSampleClassCustomWithoutCopyInRWLoop.m in Sources */,
				B1AB0D20166222C8001022A8 /* EzSampleClassWithoutCopyInRWLoop.m in Sources */,
				B1AB0D241662257C001022A8 /* EzSampleClassCustomWithCopyInRWLoop.m in Sources */,
				B1AB0D2716622EA9001022A8 /* EzSampleClassAssignCustomWithARC.m in Sources */,
				B1A54F7516633A89008D5741 /* EzSampleObjectCustomPropertiesWithIVarSynchronizedForEach.m in Sources */,
				B1A54F7916633F5E008D5741 /* EzSampleObjectCustomPropertiesWithIVarSynchronizedForEachWithSleep.m in Sources */,
				B1A54F7C16633FFE008D5741 /* EzSampleObjectCustomPropertiesWithIVarNSLockForEachWithSleep.m in Sources */,
				B1A54F8116634CD4008D5741 /* EzSampleObjectCustomPropertiesWithIVarSemaphoreForEachWithoutSleep.m in Sources */,
				B1A54F8216634CD4008D5741 /* EzSampleObjectCustomPropertiesWithIVarSemaphoreForEachWithSleep.m in Sources */,
				B1A54F851663554F008D5741 /* EzSampleObjectCustomPropertiesWithIVarSingleSemaphoreWithoutSleep.m in Sources */,
				B1A08D9C1664646C0029399F /* EzSampleObjectCustomPropertiesWithIVarSingleMutexWithoutSleep.m in Sources */,
				B1A08DA0166479B00029399F /* EzSampleObjectCustomPropertiesWithIVarSingleMutexWithoutSleepWithTryFinally.m in Sources */,
				B1A08DE11664D4DD0029399F /* EzSampleObjectCustomPropertiesWithIVarNSRecursiveLock.m in Sources */,
			);
			runOnlyForDeploymentPostprocessing = 0;
		};
/* End PBXSourcesBuildPhase section */

/* Begin PBXVariantGroup section */
		B1A85A36165C93B30041F46B /* InfoPlist.strings */ = {
			isa = PBXVariantGroup;
			children = (
				B1A85A37165C93B30041F46B /* en */,
			);
			name = InfoPlist.strings;
			sourceTree = "<group>";
		};
		B1A85A45165C93B30041F46B /* MainStoryboard.storyboard */ = {
			isa = PBXVariantGroup;
			children = (
				B1A85A46165C93B30041F46B /* en */,
			);
			name = MainStoryboard.storyboard;
			sourceTree = "<group>";
		};
/* End PBXVariantGroup section */

/* Begin XCBuildConfiguration section */
		B1A85A4B165C93B30041F46B /* Debug */ = {
			isa = XCBuildConfiguration;
			buildSettings = {
				ALWAYS_SEARCH_USER_PATHS = NO;
				CLANG_CXX_LANGUAGE_STANDARD = "gnu++0x";
				CLANG_CXX_LIBRARY = "libc++";
				CLANG_ENABLE_OBJC_ARC = YES;
				CLANG_WARN_EMPTY_BODY = YES;
				CLANG_WARN__DUPLICATE_METHOD_MATCH = YES;
				"CODE_SIGN_IDENTITY[sdk=iphoneos*]" = "iPhone Developer";
				COPY_PHASE_STRIP = NO;
				GCC_C_LANGUAGE_STANDARD = gnu99;
				GCC_DYNAMIC_NO_PIC = NO;
				GCC_OPTIMIZATION_LEVEL = 0;
				GCC_PREPROCESSOR_DEFINITIONS = (
					"DEBUG=1",
					"$(inherited)",
				);
				GCC_SYMBOLS_PRIVATE_EXTERN = NO;
				GCC_WARN_ABOUT_RETURN_TYPE = YES;
				GCC_WARN_UNINITIALIZED_AUTOS = YES;
				GCC_WARN_UNUSED_VARIABLE = YES;
				IPHONEOS_DEPLOYMENT_TARGET = 5.0;
				ONLY_ACTIVE_ARCH = YES;
				OTHER_CFLAGS = "-fobjc-arc-exceptions";
				RUN_CLANG_STATIC_ANALYZER = YES;
				SDKROOT = iphoneos;
			};
			name = Debug;
		};
		B1A85A4C165C93B30041F46B /* Release */ = {
			isa = XCBuildConfiguration;
			buildSettings = {
				ALWAYS_SEARCH_USER_PATHS = NO;
				CLANG_CXX_LANGUAGE_STANDARD = "gnu++0x";
				CLANG_CXX_LIBRARY = "libc++";
				CLANG_ENABLE_OBJC_ARC = YES;
				CLANG_WARN_EMPTY_BODY = YES;
				CLANG_WARN__DUPLICATE_METHOD_MATCH = YES;
				"CODE_SIGN_IDENTITY[sdk=iphoneos*]" = "iPhone Developer";
				COPY_PHASE_STRIP = YES;
				GCC_C_LANGUAGE_STANDARD = gnu99;
				GCC_WARN_ABOUT_RETURN_TYPE = YES;
				GCC_WARN_UNINITIALIZED_AUTOS = YES;
				GCC_WARN_UNUSED_VARIABLE = YES;
				IPHONEOS_DEPLOYMENT_TARGET = 5.0;
				OTHER_CFLAGS = (
					"-DNS_BLOCK_ASSERTIONS=1",
					"-fobjc-arc-exceptions",
				);
				RUN_CLANG_STATIC_ANALYZER = YES;
				SDKROOT = iphoneos;
				VALIDATE_PRODUCT = YES;
			};
			name = Release;
		};
		B1A85A4E165C93B30041F46B /* Debug */ = {
			isa = XCBuildConfiguration;
			buildSettings = {
				GCC_PRECOMPILE_PREFIX_HEADER = YES;
				GCC_PREFIX_HEADER = "EzSample_iOS_atomic/EzSample_iOS_atomic-Prefix.pch";
				INFOPLIST_FILE = "EzSample_iOS_atomic/EzSample_iOS_atomic-Info.plist";
				PRODUCT_NAME = "$(TARGET_NAME)";
				WRAPPER_EXTENSION = app;
			};
			name = Debug;
		};
		B1A85A4F165C93B30041F46B /* Release */ = {
			isa = XCBuildConfiguration;
			buildSettings = {
				GCC_PRECOMPILE_PREFIX_HEADER = YES;
				GCC_PREFIX_HEADER = "EzSample_iOS_atomic/EzSample_iOS_atomic-Prefix.pch";
				INFOPLIST_FILE = "EzSample_iOS_atomic/EzSample_iOS_atomic-Info.plist";
				PRODUCT_NAME = "$(TARGET_NAME)";
				WRAPPER_EXTENSION = app;
			};
			name = Release;
		};
/* End XCBuildConfiguration section */

/* Begin XCConfigurationList section */
		B1A85A23165C93B30041F46B /* Build configuration list for PBXProject "EzSample_iOS_atomic" */ = {
			isa = XCConfigurationList;
			buildConfigurations = (
				B1A85A4B165C93B30041F46B /* Debug */,
				B1A85A4C165C93B30041F46B /* Release */,
			);
			defaultConfigurationIsVisible = 0;
			defaultConfigurationName = Release;
		};
		B1A85A4D165C93B30041F46B /* Build configuration list for PBXNativeTarget "EzSample_iOS_atomic" */ = {
			isa = XCConfigurationList;
			buildConfigurations = (
				B1A85A4E165C93B30041F46B /* Debug */,
				B1A85A4F165C93B30041F46B /* Release */,
			);
			defaultConfigurationIsVisible = 0;
			defaultConfigurationName = Release;
		};
/* End XCConfigurationList section */
	};
	rootObject = B1A85A20165C93B30041F46B /* Project object */;
}
